// !$*UTF8*$!
{
	archiveVersion = 1;
	classes = {
	};
	objectVersion = 56;
	objects = {

/* Begin PBXBuildFile section */
		111111111111111111111101 /* MergeBridgeApp.swift in Sources */ = {isa = PBXBuildFile; fileRef = 111111111111111111111001 /* MergeBridgeApp.swift */; };
		111111111111111111111102 /* AppModel.swift in Sources */ = {isa = PBXBuildFile; fileRef = 111111111111111111111002 /* AppModel.swift */; };
		111111111111111111111103 /* ContentView.swift in Sources */ = {isa = PBXBuildFile; fileRef = 111111111111111111111003 /* ContentView.swift */; };
		111111111111111111111104 /* BridgePayload.swift in Sources */ = {isa = PBXBuildFile; fileRef = 111111111111111111111004 /* BridgePayload.swift */; };
		111111111111111111111105 /* BridgePeripheral.swift in Sources */ = {isa = PBXBuildFile; fileRef = 111111111111111111111005 /* BridgePeripheral.swift */; };
		111111111111111111111106 /* HealthStore.swift in Sources */ = {isa = PBXBuildFile; fileRef = 111111111111111111111006 /* HealthStore.swift */; };
		111111111111111111111107 /* ContactsStore.swift in Sources */ = {isa = PBXBuildFile; fileRef = 111111111111111111111007 /* ContactsStore.swift */; };
/* End PBXBuildFile section */

/* Begin PBXFileReference section */
		111111111111111111111001 /* MergeBridgeApp.swift */ = {isa = PBXFileReference; lastKnownFileType = sourcecode.swift; path = Sources/MergeBridgeApp/MergeBridgeApp.swift; sourceTree = "<group>"; };
		111111111111111111111002 /* AppModel.swift */ = {isa = PBXFileReference; lastKnownFileType = sourcecode.swift; path = Sources/MergeBridgeApp/AppModel.swift; sourceTree = "<group>"; };
		111111111111111111111003 /* ContentView.swift */ = {isa = PBXFileReference; lastKnownFileType = sourcecode.swift; path = Sources/MergeBridgeApp/ContentView.swift; sourceTree = "<group>"; };
		111111111111111111111004 /* BridgePayload.swift */ = {isa = PBXFileReference; lastKnownFileType = sourcecode.swift; path = Sources/MergeBridgeApp/BridgePayload.swift; sourceTree = "<group>"; };
		111111111111111111111005 /* BridgePeripheral.swift */ = {isa = PBXFileReference; lastKnownFileType = sourcecode.swift; path = Sources/MergeBridgeApp/BridgePeripheral.swift; sourceTree = "<group>"; };
		111111111111111111111006 /* HealthStore.swift */ = {isa = PBXFileReference; lastKnownFileType = sourcecode.swift; path = Sources/MergeBridgeApp/HealthStore.swift; sourceTree = "<group>"; };
		111111111111111111111007 /* ContactsStore.swift */ = {isa = PBXFileReference; lastKnownFileType = sourcecode.swift; path = Sources/MergeBridgeApp/ContactsStore.swift; sourceTree = "<group>"; };
		111111111111111111111008 /* Info.plist */ = {isa = PBXFileReference; lastKnownFileType = text.plist.xml; path = Resources/Info.plist; sourceTree = "<group>"; };
		111111111111111111111009 /* MergeBridge.entitlements */ = {isa = PBXFileReference; lastKnownFileType = text.plist.entitlements; path = Resources/MergeBridge.entitlements; sourceTree = "<group>"; };
		111111111111111111111010 /* MergeBridge.app */ = {isa = PBXFileReference; explicitFileType = wrapper.application; includeInIndex = 0; path = MergeBridge.app; sourceTree = BUILT_PRODUCTS_DIR; };
/* End PBXFileReference section */

/* Begin PBXFrameworksBuildPhase section */
		111111111111111111111020 /* Frameworks */ = {
			isa = PBXFrameworksBuildPhase;
			buildActionMask = 2147483647;
			files = (
			);
			runOnlyForDeploymentPostprocessing = 0;
		};
/* End PBXFrameworksBuildPhase section */

/* Begin PBXGroup section */
		111111111111111111111030 = {
			isa = PBXGroup;
			children = (
				111111111111111111111031 /* Sources */,
				111111111111111111111032 /* Resources */,
				111111111111111111111033 /* Products */,
			);
			sourceTree = "<group>";
		};
		111111111111111111111031 /* Sources */ = {
			isa = PBXGroup;
			children = (
				111111111111111111111001 /* MergeBridgeApp.swift */,
				111111111111111111111002 /* AppModel.swift */,
				111111111111111111111003 /* ContentView.swift */,
				111111111111111111111004 /* BridgePayload.swift */,
				111111111111111111111005 /* BridgePeripheral.swift */,
				111111111111111111111006 /* HealthStore.swift */,
				111111111111111111111007 /* ContactsStore.swift */,
			);
			name = Sources;
			sourceTree = "<group>";
		};
		111111111111111111111032 /* Resources */ = {
			isa = PBXGroup;
			children = (
				111111111111111111111008 /* Info.plist */,
				111111111111111111111009 /* MergeBridge.entitlements */,
			);
			name = Resources;
			sourceTree = "<group>";
		};
		111111111111111111111033 /* Products */ = {
			isa = PBXGroup;
			children = (
				111111111111111111111010 /* MergeBridge.app */,
			);
			name = Products;
			sourceTree = "<group>";
		};
/* End PBXGroup section */

/* Begin PBXNativeTarget section */
		111111111111111111111040 /* MergeBridge */ = {
			isa = PBXNativeTarget;
			buildConfigurationList = 111111111111111111111080 /* Build configuration list for PBXNativeTarget "MergeBridge" */;
			buildPhases = (
				111111111111111111111050 /* Sources */,
				111111111111111111111020 /* Frameworks */,
				111111111111111111111060 /* Resources */,
			);
			buildRules = (
			);
			dependencies = (
			);
			name = MergeBridge;
			productName = MergeBridge;
			productReference = 111111111111111111111010 /* MergeBridge.app */;
			productType = "com.apple.product-type.application";
		};
/* End PBXNativeTarget section */

/* Begin PBXProject section */
		111111111111111111111070 /* Project object */ = {
			isa = PBXProject;
			attributes = {
				BuildIndependentTargetsInParallel = 1;
				LastSwiftUpdateCheck = 1530;
				LastUpgradeCheck = 1530;
				TargetAttributes = {
					111111111111111111111040 = {
						CreatedOnToolsVersion = 15.3;
					};
				};
			};
			buildConfigurationList = 111111111111111111111071 /* Build configuration list for PBXProject "MergeBridge" */;
			compatibilityVersion = "Xcode 14.0";
			developmentRegion = en;
			hasScannedForEncodings = 0;
			knownRegions = (
				en,
				Base,
			);
			mainGroup = 111111111111111111111030;
			productRefGroup = 111111111111111111111033 /* Products */;
			projectDirPath = "";
			projectRoot = "";
			targets = (
				111111111111111111111040 /* MergeBridge */,
			);
		};
/* End PBXProject section */

/* Begin PBXResourcesBuildPhase section */
		111111111111111111111060 /* Resources */ = {
			isa = PBXResourcesBuildPhase;
			buildActionMask = 2147483647;
			files = (
			);
			runOnlyForDeploymentPostprocessing = 0;
		};
/* End PBXResourcesBuildPhase section */

/* Begin PBXSourcesBuildPhase section */
		111111111111111111111050 /* Sources */ = {
			isa = PBXSourcesBuildPhase;
			buildActionMask = 2147483647;
			files = (
				111111111111111111111101 /* MergeBridgeApp.swift in Sources */,
				111111111111111111111102 /* AppModel.swift in Sources */,
				111111111111111111111103 /* ContentView.swift in Sources */,
				111111111111111111111104 /* BridgePayload.swift in Sources */,
				111111111111111111111105 /* BridgePeripheral.swift in Sources */,
				111111111111111111111106 /* HealthStore.swift in Sources */,
				111111111111111111111107 /* ContactsStore.swift in Sources */,
			);
			runOnlyForDeploymentPostprocessing = 0;
		};
/* End PBXSourcesBuildPhase section */

/* Begin XCBuildConfiguration section */
		111111111111111111111072 /* Debug */ = {
			isa = XCBuildConfiguration;
			buildSettings = {
				ALWAYS_SEARCH_USER_PATHS = NO;
				CLANG_ANALYZER_NONNULL = YES;
				CLANG_ANALYZER_NUMBER_OBJECT_CONVERSION = YES_AGGRESSIVE;
				CLANG_CXX_LANGUAGE_STANDARD = "gnu++20";
				CLANG_ENABLE_MODULES = YES;
				CLANG_ENABLE_OBJC_ARC = YES;
				CLANG_ENABLE_OBJC_WEAK = YES;
				CLANG_WARN_BLOCK_CAPTURE_AUTORELEASING = YES;
				CLANG_WARN_BOOL_CONVERSION = YES;
				CLANG_WARN_COMMA = YES;
				CLANG_WARN_CONSTANT_CONVERSION = YES;
				CLANG_WARN_DEPRECATED_OBJC_IMPLEMENTATIONS = YES;
				CLANG_WARN_DIRECT_OBJC_ISA_USAGE = YES_ERROR;
				CLANG_WARN_DOCUMENTATION_COMMENTS = YES;
				CLANG_WARN_EMPTY_BODY = YES;
				CLANG_WARN_ENUM_CONVERSION = YES;
				CLANG_WARN_INFINITE_RECURSION = YES;
				CLANG_WARN_INT_CONVERSION = YES;
				CLANG_WARN_NON_LITERAL_NULL_CONVERSION = YES;
				CLANG_WARN_OBJC_IMPLICIT_RETAIN_SELF = YES;
				CLANG_WARN_OBJC_LITERAL_CONVERSION = YES;
				CLANG_WARN_OBJC_ROOT_CLASS = YES_ERROR;
				CLANG_WARN_QUOTED_INCLUDE_IN_FRAMEWORK_HEADER = YES;
				CLANG_WARN_RANGE_LOOP_ANALYSIS = YES;
				CLANG_WARN_STRICT_PROTOTYPES = YES;
				CLANG_WARN_SUSPICIOUS_MOVE = YES;
				CLANG_WARN_UNGUARDED_AVAILABILITY = YES_AGGRESSIVE;
				CLANG_WARN_UNREACHABLE_CODE = YES;
				CLANG_WARN__DUPLICATE_METHOD_MATCH = YES;
				COPY_PHASE_STRIP = NO;
				DEBUG_INFORMATION_FORMAT = dwarf;
				ENABLE_STRICT_OBJC_MSGSEND = YES;
				ENABLE_TESTABILITY = YES;
				GCC_C_LANGUAGE_STANDARD = gnu17;
				GCC_DYNAMIC_NO_PIC = NO;
				GCC_NO_COMMON_BLOCKS = YES;
				GCC_OPTIMIZATION_LEVEL = 0;
				GCC_PREPROCESSOR_DEFINITIONS = (
					"DEBUG=1",
					"$(inherited)",
				);
				IPHONEOS_DEPLOYMENT_TARGET = 16.0;
				MTL_ENABLE_DEBUG_INFO = INCLUDE_SOURCE;
				MTL_FAST_MATH = YES;
				ONLY_ACTIVE_ARCH = YES;
				SDKROOT = iphoneos;
				SWIFT_ACTIVE_COMPILATION_CONDITIONS = DEBUG;
				SWIFT_OPTIMIZATION_LEVEL = "-Onone";
			};
			name = Debug;
		};
		111111111111111111111073 /* Release */ = {
			isa = XCBuildConfiguration;
			buildSettings = {
				ALWAYS_SEARCH_USER_PATHS = NO;
				CLANG_ANALYZER_NONNULL = YES;
				CLANG_ANALYZER_NUMBER_OBJECT_CONVERSION = YES_AGGRESSIVE;
				CLANG_CXX_LANGUAGE_STANDARD = "gnu++20";
				CLANG_ENABLE_MODULES = YES;
				CLANG_ENABLE_OBJC_ARC = YES;
				CLANG_ENABLE_OBJC_WEAK = YES;
				CLANG_WARN_BLOCK_CAPTURE_AUTORELEASING = YES;
				CLANG_WARN_BOOL_CONVERSION = YES;
				CLANG_WARN_COMMA = YES;
				CLANG_WARN_CONSTANT_CONVERSION = YES;
				CLANG_WARN_DEPRECATED_OBJC_IMPLEMENTATIONS = YES;
				CLANG_WARN_DIRECT_OBJC_ISA_USAGE = YES_ERROR;
				CLANG_WARN_DOCUMENTATION_COMMENTS = YES;
				CLANG_WARN_EMPTY_BODY = YES;
				CLANG_WARN_ENUM_CONVERSION = YES;
				CLANG_WARN_INFINITE_RECURSION = YES;
				CLANG_WARN_INT_CONVERSION = YES;
				CLANG_WARN_NON_LITERAL_NULL_CONVERSION = YES;
				CLANG_WARN_OBJC_IMPLICIT_RETAIN_SELF = YES;
				CLANG_WARN_OBJC_LITERAL_CONVERSION = YES;
				CLANG_WARN_OBJC_ROOT_CLASS = YES_ERROR;
				CLANG_WARN_QUOTED_INCLUDE_IN_FRAMEWORK_HEADER = YES;
				CLANG_WARN_RANGE_LOOP_ANALYSIS = YES;
				CLANG_WARN_STRICT_PROTOTYPES = YES;
				CLANG_WARN_SUSPICIOUS_MOVE = YES;
				CLANG_WARN_UNGUARDED_AVAILABILITY = YES_AGGRESSIVE;
				CLANG_WARN_UNREACHABLE_CODE = YES;
				CLANG_WARN__DUPLICATE_METHOD_MATCH = YES;
				COPY_PHASE_STRIP = NO;
				DEBUG_INFORMATION_FORMAT = "dwarf-with-dsym";
				ENABLE_NS_ASSERTIONS = NO;
				ENABLE_STRICT_OBJC_MSGSEND = YES;
				GCC_C_LANGUAGE_STANDARD = gnu17;
				GCC_NO_COMMON_BLOCKS = YES;
				IPHONEOS_DEPLOYMENT_TARGET = 16.0;
				MTL_ENABLE_DEBUG_INFO = NO;
				MTL_FAST_MATH = YES;
				SDKROOT = iphoneos;
				SWIFT_COMPILATION_MODE = wholemodule;
				SWIFT_OPTIMIZATION_LEVEL = "-O";
				VALIDATE_PRODUCT = YES;
			};
			name = Release;
		};
		111111111111111111111081 /* Debug */ = {
			isa = XCBuildConfiguration;
			buildSettings = {
				CODE_SIGN_ENTITLEMENTS = Resources/MergeBridge.entitlements;
				CODE_SIGN_STYLE = Automatic;
				CURRENT_PROJECT_VERSION = 1;
				DEVELOPMENT_TEAM = "";
				GENERATE_INFOPLIST_FILE = NO;
				INFOPLIST_FILE = Resources/Info.plist;
				IPHONEOS_DEPLOYMENT_TARGET = 16.0;
				LD_RUNPATH_SEARCH_PATHS = (
					"$(inherited)",
					"@executable_path/Frameworks",
				);
				MARKETING_VERSION = 1.0;
				PRODUCT_BUNDLE_IDENTIFIER = com.codegy.mergebridge;
				PRODUCT_NAME = "$(TARGET_NAME)";
				SUPPORTED_PLATFORMS = "iphoneos iphonesimulator";
				SUPPORTS_MACCATALYST = NO;
				SWIFT_EMIT_LOC_STRINGS = YES;
				SWIFT_VERSION = 5.0;
				TARGETED_DEVICE_FAMILY = 1;
			};
			name = Debug;
		};
		111111111111111111111082 /* Release */ = {
			isa = XCBuildConfiguration;
			buildSettings = {
				CODE_SIGN_ENTITLEMENTS = Resources/MergeBridge.entitlements;
				CODE_SIGN_STYLE = Automatic;
				CURRENT_PROJECT_VERSION = 1;
				DEVELOPMENT_TEAM = "";
				GENERATE_INFOPLIST_FILE = NO;
				INFOPLIST_FILE = Resources/Info.plist;
				IPHONEOS_DEPLOYMENT_TARGET = 16.0;
				LD_RUNPATH_SEARCH_PATHS = (
					"$(inherited)",
					"@executable_path/Frameworks",
				);
				MARKETING_VERSION = 1.0;
				PRODUCT_BUNDLE_IDENTIFIER = com.codegy.mergebridge;
				PRODUCT_NAME = "$(TARGET_NAME)";
				SUPPORTED_PLATFORMS = "iphoneos iphonesimulator";
				SUPPORTS_MACCATALYST = NO;
				SWIFT_EMIT_LOC_STRINGS = YES;
				SWIFT_VERSION = 5.0;
				TARGETED_DEVICE_FAMILY = 1;
			};
			name = Release;
		};
/* End XCBuildConfiguration section */

/* Begin XCConfigurationList section */
		111111111111111111111071 /* Build configuration list for PBXProject "MergeBridge" */ = {
			isa = XCConfigurationList;
			buildConfigurations = (
				111111111111111111111072 /* Debug */,
				111111111111111111111073 /* Release */,
			);
			defaultConfigurationIsVisible = 0;
			defaultConfigurationName = Release;
		};
		111111111111111111111080 /* Build configuration list for PBXNativeTarget "MergeBridge" */ = {
			isa = XCConfigurationList;
			buildConfigurations = (
				111111111111111111111081 /* Debug */,
				111111111111111111111082 /* Release */,
			);
			defaultConfigurationIsVisible = 0;
			defaultConfigurationName = Release;
		};
/* End XCConfigurationList section */
	};
	rootObject = 111111111111111111111070 /* Project object */;
}
